
Microsoft Visual Studio Solution File, Format Version 12.00
# Visual Studio 2012
Project("{FAE04EC0-301F-11D3-BF4B-00C04F79EFBC}") = "Capstone1_BootstrapAssignment", "Capstone1_BootstrapAssignment\Capstone1_BootstrapAssignment.csproj", "{BA293636-9C8B-42E4-B1EA-48C3E32B6F91}"
EndProject
Global
	GlobalSection(SolutionConfigurationPlatforms) = preSolution
		Debug|Any CPU = Debug|Any CPU
		Release|Any CPU = Release|Any CPU
	EndGlobalSection
	GlobalSection(ProjectConfigurationPlatforms) = postSolution
		{BA293636-9C8B-42E4-B1EA-48C3E32B6F91}.Debug|Any CPU.ActiveCfg = Debug|Any CPU
		{BA293636-9C8B-42E4-B1EA-48C3E32B6F91}.Debug|Any CPU.Build.0 = Debug|Any CPU
		{BA293636-9C8B-42E4-B1EA-48C3E32B6F91}.Release|Any CPU.ActiveCfg = Release|Any CPU
		{BA293636-9C8B-42E4-B1EA-48C3E32B6F91}.Release|Any CPU.Build.0 = Release|Any CPU
	EndGlobalSection
	GlobalSection(SolutionProperties) = preSolution
		HideSolutionNode = FALSE
	EndGlobalSection
EndGlobal
